<?xml version="1.0" encoding="utf-8"?>
<Project ToolsVersion="4.0" xmlns="http://schemas.microsoft.com/developer/msbuild/2003">
  <ItemGroup>
    <Filter Include="ソース ファイル">
      <UniqueIdentifier>{4FC737F1-C7A5-4376-A066-2A32D752A2FF}</UniqueIdentifier>
      <Extensions>cpp;c;cc;cxx;def;odl;idl;hpj;bat;asm;asmx</Extensions>
    </Filter>
    <Filter Include="ヘッダー ファイル">
      <UniqueIdentifier>{93995380-89BD-4b04-88EB-625FBE52EBFB}</UniqueIdentifier>
      <Extensions>h;hpp;hxx;hm;inl;inc;xsd</Extensions>
    </Filter>
    <Filter Include="リソース ファイル">
      <UniqueIdentifier>{67DA6AB6-F800-4c08-8B7A-83BB121AAD01}</UniqueIdentifier>
      <Extensions>rc;ico;cur;bmp;dlg;rc2;rct;bin;rgs;gif;jpg;jpeg;jpe;resx;tiff;tif;png;wav;mfcribbon-ms</Extensions>
    </Filter>
  </ItemGroup>
  <ItemGroup>
    <None Include="readme.txt" />
    <None Include="Makefile">
      <Filter>リソース ファイル</Filter>
    </None>
    <None Include="mk.cmd">
      <Filter>リソース ファイル</Filter>
    </None>
    <None Include="mk_clean.cmd">
      <Filter>リソース ファイル</Filter>
    </None>
    <None Include="prog.oil">
      <Filter>リソース ファイル</Filter>
    </None>
  </ItemGroup>
  <ItemGroup>
    <ClCompile Include="balancer_param.c">
      <Filter>ソース ファイル</Filter>
    </ClCompile>
    <ClCompile Include="sample133.c">
      <Filter>ソース ファイル</Filter>
    </ClCompile>
    <ClCompile Include="Calibration.c">
      <Filter>ソース ファイル</Filter>
    </ClCompile>
    <ClCompile Include="MoveDistance.c">
      <Filter>ソース ファイル</Filter>
    </ClCompile>
    <ClCompile Include="MoveDistanceTest.c">
      <Filter>ソース ファイル</Filter>
    </ClCompile>
    <ClCompile Include="SelfLocation.c">
      <Filter>ソース ファイル</Filter>
    </ClCompile>
    <ClCompile Include="mymath.c">
      <Filter>ソース ファイル</Filter>
    </ClCompile>
    <ClCompile Include="logSend.c">
      <Filter>ソース ファイル</Filter>
    </ClCompile>
    <ClCompile Include="Section.c">
      <Filter>ソース ファイル</Filter>
    </ClCompile>
    <ClCompile Include="CurvatureDetecter.c">
      <Filter>ソース ファイル</Filter>
    </ClCompile>
    <ClCompile Include="PIDControl.c">
      <Filter>ソース ファイル</Filter>
    </ClCompile>
  </ItemGroup>
  <ItemGroup>
    <ClInclude Include="Calibration.h">
      <Filter>ヘッダー ファイル</Filter>
    </ClInclude>
    <ClInclude Include="SelfLocation.h">
      <Filter>ヘッダー ファイル</Filter>
    </ClInclude>
    <ClInclude Include="factory.h">
      <Filter>ヘッダー ファイル</Filter>
    </ClInclude>
    <ClInclude Include="MoveDistance.h">
      <Filter>ヘッダー ファイル</Filter>
    </ClInclude>
    <ClInclude Include="sample133.h">
      <Filter>ヘッダー ファイル</Filter>
    </ClInclude>
    <ClInclude Include="mymath.h">
      <Filter>ヘッダー ファイル</Filter>
    </ClInclude>
    <ClInclude Include="logSend.h">
      <Filter>ヘッダー ファイル</Filter>
    </ClInclude>
    <ClInclude Include="Section.h">
      <Filter>ヘッダー ファイル</Filter>
    </ClInclude>
    <ClInclude Include="CurvatureDetecter.h">
      <Filter>ヘッダー ファイル</Filter>
    </ClInclude>
    <ClInclude Include="PIDControl.h">
      <Filter>ヘッダー ファイル</Filter>
    </ClInclude>
  </ItemGroup>
</Project>